
Microsoft Visual Studio Solution File, Format Version 12.00
# Visual Studio Version 17
VisualStudioVersion = 17.8.34511.84
MinimumVisualStudioVersion = 10.0.40219.1
Project("{FAE04EC0-301F-11D3-BF4B-00C04F79EFBC}") = "WindowsFormsApp1", "WindowsFormsApp1\WindowsFormsApp1.csproj", "{B373C3B1-34C9-45FB-B5F4-3C7EB221ACAE}"
EndProject
Global
	GlobalSection(SolutionConfigurationPlatforms) = preSolution
		Debug|Any CPU = Debug|Any CPU
		Release|Any CPU = Release|Any CPU
	EndGlobalSection
	GlobalSection(ProjectConfigurationPlatforms) = postSolution
		{B373C3B1-34C9-45FB-B5F4-3C7EB221ACAE}.Debug|Any CPU.ActiveCfg = Debug|Any CPU
		{B373C3B1-34C9-45FB-B5F4-3C7EB221ACAE}.Debug|Any CPU.Build.0 = Debug|Any CPU
		{B373C3B1-34C9-45FB-B5F4-3C7EB221ACAE}.Release|Any CPU.ActiveCfg = Release|Any CPU
		{B373C3B1-34C9-45FB-B5F4-3C7EB221ACAE}.Release|Any CPU.Build.0 = Release|Any CPU
	EndGlobalSection
	GlobalSection(SolutionProperties) = preSolution
		HideSolutionNode = FALSE
	EndGlobalSection
	GlobalSection(ExtensibilityGlobals) = postSolution
		SolutionGuid = {D9F94849-B263-4C14-B96D-B4145BF64B95}
	EndGlobalSection
EndGlobal
